
Microsoft Visual Studio Solution File, Format Version 12.00
# Visual Studio 14
VisualStudioVersion = 14.0.25420.1
MinimumVisualStudioVersion = 10.0.40219.1
Project("{FAE04EC0-301F-11D3-BF4B-00C04F79EFBC}") = "BeerDev", "BeerDev\BeerDev.csproj", "{24E644BA-8AB9-409D-8A91-ACE242EEA5B6}"
EndProject
Project("{FAE04EC0-301F-11D3-BF4B-00C04F79EFBC}") = "BeerDev.Repository", "BeerDev.Repository\BeerDev.Repository.csproj", "{72DA4E1F-622C-4556-A48A-7042FF1709A4}"
EndProject
Project("{FAE04EC0-301F-11D3-BF4B-00C04F79EFBC}") = "BeerDev.Entities", "BeerDev.Entities\BeerDev.Entities.csproj", "{898E9E7B-E46E-4F5B-9921-048D9961803A}"
EndProject
Project("{FAE04EC0-301F-11D3-BF4B-00C04F79EFBC}") = "BeerDev.Api", "BeerDev.Api\BeerDev.Api.csproj", "{84F5E544-0F2A-4C5A-A315-0FB994708355}"
EndProject
Project("{FAE04EC0-301F-11D3-BF4B-00C04F79EFBC}") = "BeerDev.Manager", "BeerDev.Manager\BeerDev.Manager.csproj", "{BE0E3B59-FE50-436A-B4BD-2B19E11FD70F}"
EndProject
Global
	GlobalSection(SolutionConfigurationPlatforms) = preSolution
		Debug|Any CPU = Debug|Any CPU
		Release|Any CPU = Release|Any CPU
	EndGlobalSection
	GlobalSection(ProjectConfigurationPlatforms) = postSolution
		{24E644BA-8AB9-409D-8A91-ACE242EEA5B6}.Debug|Any CPU.ActiveCfg = Debug|Any CPU
		{24E644BA-8AB9-409D-8A91-ACE242EEA5B6}.Debug|Any CPU.Build.0 = Debug|Any CPU
		{24E644BA-8AB9-409D-8A91-ACE242EEA5B6}.Release|Any CPU.ActiveCfg = Release|Any CPU
		{24E644BA-8AB9-409D-8A91-ACE242EEA5B6}.Release|Any CPU.Build.0 = Release|Any CPU
		{72DA4E1F-622C-4556-A48A-7042FF1709A4}.Debug|Any CPU.ActiveCfg = Debug|Any CPU
		{72DA4E1F-622C-4556-A48A-7042FF1709A4}.Debug|Any CPU.Build.0 = Debug|Any CPU
		{72DA4E1F-622C-4556-A48A-7042FF1709A4}.Release|Any CPU.ActiveCfg = Release|Any CPU
		{72DA4E1F-622C-4556-A48A-7042FF1709A4}.Release|Any CPU.Build.0 = Release|Any CPU
		{898E9E7B-E46E-4F5B-9921-048D9961803A}.Debug|Any CPU.ActiveCfg = Debug|Any CPU
		{898E9E7B-E46E-4F5B-9921-048D9961803A}.Debug|Any CPU.Build.0 = Debug|Any CPU
		{898E9E7B-E46E-4F5B-9921-048D9961803A}.Release|Any CPU.ActiveCfg = Release|Any CPU
		{898E9E7B-E46E-4F5B-9921-048D9961803A}.Release|Any CPU.Build.0 = Release|Any CPU
		{84F5E544-0F2A-4C5A-A315-0FB994708355}.Debug|Any CPU.ActiveCfg = Debug|Any CPU
		{84F5E544-0F2A-4C5A-A315-0FB994708355}.Debug|Any CPU.Build.0 = Debug|Any CPU
		{84F5E544-0F2A-4C5A-A315-0FB994708355}.Release|Any CPU.ActiveCfg = Release|Any CPU
		{84F5E544-0F2A-4C5A-A315-0FB994708355}.Release|Any CPU.Build.0 = Release|Any CPU
		{BE0E3B59-FE50-436A-B4BD-2B19E11FD70F}.Debug|Any CPU.ActiveCfg = Debug|Any CPU
		{BE0E3B59-FE50-436A-B4BD-2B19E11FD70F}.Debug|Any CPU.Build.0 = Debug|Any CPU
		{BE0E3B59-FE50-436A-B4BD-2B19E11FD70F}.Release|Any CPU.ActiveCfg = Release|Any CPU
		{BE0E3B59-FE50-436A-B4BD-2B19E11FD70F}.Release|Any CPU.Build.0 = Release|Any CPU
	EndGlobalSection
	GlobalSection(SolutionProperties) = preSolution
		HideSolutionNode = FALSE
	EndGlobalSection
EndGlobal
